# THIS IS AN AUTOGENERATED FILE. DO NOT EDIT THIS FILE DIRECTLY.
sections/homepage-hero.liquid:
  development: 2017-11-21T14:27:38-05:00   0c35c11fb56b6cdb1f095169adb5d9ef
snippets/icon.liquid:
  development: 2017-11-27T09:43:27-05:00   bd0501b34d3e77645813ff585fa1810e
snippets/social-icons.liquid:
  development: 2017-11-29T12:27:33-05:00   7e0f56a0ff04ee09656f68cf865ca0d2
